
Microsoft Visual Studio Solution File, Format Version 12.00
# Visual Studio Version 16
VisualStudioVersion = 16.0.29519.87
MinimumVisualStudioVersion = 10.0.40219.1
Project("{FAE04EC0-301F-11D3-BF4B-00C04F79EFBC}") = "LuckyWeb", "LuckyWeb\LuckyWeb.csproj", "{9119650F-711D-4BE4-BF1C-D440C9FBA02B}"
EndProject
Global
	GlobalSection(SolutionConfigurationPlatforms) = preSolution
		Debug|Any CPU = Debug|Any CPU
		Release|Any CPU = Release|Any CPU
	EndGlobalSection
	GlobalSection(ProjectConfigurationPlatforms) = postSolution
		{9119650F-711D-4BE4-BF1C-D440C9FBA02B}.Debug|Any CPU.ActiveCfg = Debug|Any CPU
		{9119650F-711D-4BE4-BF1C-D440C9FBA02B}.Debug|Any CPU.Build.0 = Debug|Any CPU
		{9119650F-711D-4BE4-BF1C-D440C9FBA02B}.Release|Any CPU.ActiveCfg = Release|Any CPU
		{9119650F-711D-4BE4-BF1C-D440C9FBA02B}.Release|Any CPU.Build.0 = Release|Any CPU
	EndGlobalSection
	GlobalSection(SolutionProperties) = preSolution
		HideSolutionNode = FALSE
	EndGlobalSection
	GlobalSection(ExtensibilityGlobals) = postSolution
		SolutionGuid = {D77E5E79-2AA0-4548-AB83-69D7A342F4EB}
	EndGlobalSection
EndGlobal
